# This file is automatically generated.
# It is not intended for manual editing.
version = 1

[[packages]]
name = "fastertools:mcp"
registry = "fastertools"

[[packages.versions]]
requirement = "=0.1.9"
version = "0.1.9"
digest = "sha256:27900b0c00b2dd4848f2ad64019e496fe7088d8588239e8bfded8005c719b2de"
