[io]
url = "https://github.com/WebAssembly/wasi-io/archive/refs/tags/v0.2.3.tar.gz"
sha256 = "1cccbfe4122686ea57a25cd368e8cdfc408cbcad089f47fb6685b6f92e96f050"
sha512 = "7a95f964c13da52611141acd89bc8876226497f128e99dd176a4270c5b5efbd8cc847b5fbd1a91258d028c646db99e0424d72590cf1caf20f9f3a3343fad5017"

[mcp-v20250618]
url = "https://github.com/wasmcp/wasmcp/releases/download/mcp-v2025-06-18-v0.1.4-beta.1/wasmcp-mcp-v2025-06-18-0.1.4-beta.1-source.tar.gz"
sha256 = "717bffc05e1c19ef2d14d1efc86f9027eef2bf63c5e7e1d0249d6b2d5bda7535"
sha512 = "b4d60529c89c6f1836beb7c07523c36b46396a978fec7ac231fee291c255587e857085d5a15af7013430163a85f107558f67dfae048891c9f05afed2f0c7f3e5"
