# This file is automatically generated.
# It is not intended for manual editing.
version = 1

[[packages]]
name = "wasi:cli"
registry = "wasi.dev"

[[packages.versions]]
requirement = "=0.2.8"
version = "0.2.8"
digest = "sha256:674e97f0a5bd2e697ddcbd18ce8f33a9ab1497e37ac95f3805b22764269c82f3"

[[packages]]
name = "wasi:http"
registry = "wasi.dev"

[[packages.versions]]
requirement = "=0.2.8"
version = "0.2.8"
digest = "sha256:efac1616dceaa5a7d0423a3732b0addf74013974ae90feeb1081555479dc5500"

[[packages]]
name = "wasi:io"
registry = "wasi.dev"

[[packages.versions]]
requirement = "=0.2.8"
version = "0.2.8"
digest = "sha256:e4edc0e42be47b6ffc33ece512dc1c6f35cead6de98c4369e5c8ce18aa9fc6a6"

[[packages]]
name = "wasmcp:auth"
registry = "ghcr.io"

[[packages.versions]]
requirement = "=0.1.0"
version = "0.1.0"
digest = "sha256:ce77a86c9e5a80f25a2ab7a636dc02a0b86765221519474c7c7ce22cdae97fcb"

[[packages]]
name = "wasmcp:keyvalue"
registry = "ghcr.io"

[[packages.versions]]
requirement = "=0.1.0"
version = "0.1.0"
digest = "sha256:ca32fba7e5eebef2f282f081b941541e2ddc17ffc0808b73d3c6042e424b3925"
