# This file is automatically generated.
# It is not intended for manual editing.
version = 1

[[packages]]
name = "fastertools:mcp"
registry = "ghcr.io"

[[packages.versions]]
requirement = "=0.1.9"
version = "0.1.9"
digest = "sha256:27900b0c00b2dd4848f2ad64019e496fe7088d8588239e8bfded8005c719b2de"

[[packages]]
name = "wasi:http"
registry = "wasi.dev"

[[packages.versions]]
requirement = "=0.2.3"
version = "0.2.3"
digest = "sha256:e526c1586efc94cd148e33725139be05c4bb58ba20466d348282bd8dc3999f1d"
