# This file is automatically generated.
# It is not intended for manual editing.
version = 1

[[packages]]
name = "wasi:http"
registry = "wasi.dev"

[[packages.versions]]
requirement = "=0.2.3"
version = "0.2.3"
digest = "sha256:e526c1586efc94cd148e33725139be05c4bb58ba20466d348282bd8dc3999f1d"

[[packages]]
name = "wasmcp:mcp"
registry = "ghcr.io"

[[packages.versions]]
requirement = "=0.2.0-alpha.6"
version = "0.2.0-alpha.6"
digest = "sha256:f5b4df9340557f2f919dc601da22ebfb0cf3d8497b94cbc2ffdb0f9a96994bad"
