# This file is automatically generated.
# It is not intended for manual editing.
version = 1

[[packages]]
name = "wasi:http"
registry = "wasi.dev"

[[packages.versions]]
requirement = "=0.2.3"
version = "0.2.3"
digest = "sha256:e526c1586efc94cd148e33725139be05c4bb58ba20466d348282bd8dc3999f1d"

[[packages]]
name = "wasmcp:mcp"
registry = "ghcr.io"

[[packages.versions]]
requirement = "=0.3.0-alpha.16"
version = "0.3.0-alpha.16"
digest = "sha256:32edda223dac34b87991d7afe32a69332daa32c68e970cc1566a4d61c9f90035"
