# This file is automatically generated by cargo-component.
# It is not intended for manual editing.
version = 1

[[package]]
name = "wasmcp:mcp"

[[package.version]]
requirement = "^0.3.0-alpha.59"
version = "0.3.0-alpha.59"
digest = "sha256:5cba6080a84bc7f13bf7096c98d26499e6b52aa437e1adcbaa16e1f4d854bbb2"
