# This file is automatically generated by cargo-component.
# It is not intended for manual editing.
version = 1

[[package]]
name = "wasmcp:mcp"

[[package.version]]
requirement = "^0.3.0-alpha.22"
version = "0.3.0-alpha.22"
digest = "sha256:9360dccffa5c03f9137b406534d9ad356f8b3196f7a97a985514cb9b54c70c60"
