# This file is automatically generated by cargo-component.
# It is not intended for manual editing.
version = 1

[[package]]
name = "wasmcp:mcp"

[[package.version]]
requirement = "^0.2.0-alpha.27"
version = "0.2.0-alpha.27"
digest = "sha256:2e617fe9ebf8c8124f2cdefea97d983995c192e0ee6d80d0235e29d254a6cbcb"
