# This file is automatically generated.
# It is not intended for manual editing.
version = 1

[[packages]]
name = "wasmcp:mcp"
registry = "ghcr.io"

[[packages.versions]]
requirement = "=0.3.0-alpha.59"
version = "0.3.0-alpha.59"
digest = "sha256:b29bd35f9bc1e10a0d8f469e3493b7e65cb639b559875ed79765410e0523692b"
