# This file is automatically generated.
# It is not intended for manual editing.
version = 1

[[packages]]
name = "fastertools:mcp"
registry = "ghcr.io"

[[packages.versions]]
requirement = "=0.1.23"
version = "0.1.23"
digest = "sha256:444c475901e7ddae8ba39b43bb2ca1ddf73ca5078b3ffd61691a9388dc01e76d"

[[packages]]
name = "wasi:http"
registry = "wasi.dev"

[[packages.versions]]
requirement = "=0.2.3"
version = "0.2.3"
digest = "sha256:e526c1586efc94cd148e33725139be05c4bb58ba20466d348282bd8dc3999f1d"
