# This file is automatically generated.
# It is not intended for manual editing.
version = 1

[[packages]]
name = "fastertools:mcp"
registry = "ghcr.io"

[[packages.versions]]
requirement = "=0.1.10"
version = "0.1.10"
digest = "sha256:4f74d9bf8a5642a5f8bf5be71080b0b18d9c3b1a0e4172d9a41d055e513c8a41"
