# This file is automatically generated.
# It is not intended for manual editing.
version = 1

[[packages]]
name = "wasmcp:mcp"
registry = "ghcr.io"

[[packages.versions]]
requirement = "=0.3.1-alpha.31"
version = "0.3.1-alpha.31"
digest = "sha256:6b9800c241a6d428caa26a16bbfb9cd18aea0e8b7be523007bab504eae3a1c82"
