# This file is automatically generated by cargo-component.
# It is not intended for manual editing.
version = 1

[[package]]
name = "wasmcp:mcp"

[[package.version]]
requirement = "^0.3.0-alpha.3"
version = "0.3.0-alpha.3"
digest = "sha256:efc490e91e28a9a473ef7834e95b5d03d6c8e5b9a8adc15df40919f0106bf1fe"
