# This file is automatically generated by cargo-component.
# It is not intended for manual editing.
version = 1

[[package]]
name = "wasmcp:mcp"

[[package.version]]
requirement = "^0.2.0-alpha.25"
version = "0.2.0-alpha.25"
digest = "sha256:abeba70f692875eb40db00e5e4f8f3bddbbaca5141a59004fb777a2d30ace67e"
