# This file is automatically generated by cargo-component.
# It is not intended for manual editing.
version = 1

[[package]]
name = "wasmcp:mcp"

[[package.version]]
requirement = "^0.2.0-alpha.10"
version = "0.2.0-alpha.10"
digest = "sha256:1407df7f26195cb46b8d5e88e43bc5d84a1aaf4f9c208291393faf6eb74467f8"
