# This file is automatically generated.
# It is not intended for manual editing.
version = 1

[[packages]]
name = "wasi:cli"
registry = "wasi.dev"

[[packages.versions]]
requirement = "=0.2.3"
version = "0.2.3"
digest = "sha256:8f97d837e1f856a225422869d5c34752204d1befb5a04d0cd80541aec17a20c1"

[[packages]]
name = "wasmcp:mcp"
registry = "ghcr.io"

[[packages.versions]]
requirement = "=0.3.1-alpha.6"
version = "0.3.1-alpha.6"
digest = "sha256:34197d95c751720e1f78c0d820fba6d75f9329a0d078fed70f3e9d71456940ea"
