[io]
sha256 = "1cccbfe4122686ea57a25cd368e8cdfc408cbcad089f47fb6685b6f92e96f050"
sha512 = "7a95f964c13da52611141acd89bc8876226497f128e99dd176a4270c5b5efbd8cc847b5fbd1a91258d028c646db99e0424d72590cf1caf20f9f3a3343fad5017"

[keyvalue]
url = "https://github.com/WebAssembly/wasi-keyvalue/archive/refs/tags/v0.2.0-draft.tar.gz"
sha256 = "d2de617fe31ec0abc6072f75f97dd22bf95b3231d5b3111471d73871df9081cd"
sha512 = "6f0b4e44c684d760c54552e2bde9bc976e0a4f6525fc1d47acb98625e030847276436242f42a41f4da1bb9169fb2968c53d659d61af9b2f709f4eb6f9880e2c7"

[protocol]
path = "../protocol"
sha256 = "f6c00c4155a59128feb6013a4186674e9f79988b98610c276ff640c953a01204"
sha512 = "0107bba52758b543e0c4550be19b25cc983206693be989ae4155c07d90d841711247458d8d24f2f8d77d4943f0002884582edeedaa327079e78bd2d2a5d85314"
deps = ["io"]
