[io]
sha256 = "1cccbfe4122686ea57a25cd368e8cdfc408cbcad089f47fb6685b6f92e96f050"
sha512 = "7a95f964c13da52611141acd89bc8876226497f128e99dd176a4270c5b5efbd8cc847b5fbd1a91258d028c646db99e0424d72590cf1caf20f9f3a3343fad5017"

[keyvalue]
url = "https://github.com/WebAssembly/wasi-keyvalue/archive/refs/tags/v0.2.0-draft.tar.gz"
sha256 = "d2de617fe31ec0abc6072f75f97dd22bf95b3231d5b3111471d73871df9081cd"
sha512 = "6f0b4e44c684d760c54552e2bde9bc976e0a4f6525fc1d47acb98625e030847276436242f42a41f4da1bb9169fb2968c53d659d61af9b2f709f4eb6f9880e2c7"

[protocol]
path = "../protocol"
sha256 = "5f6fbe0a4cdc3b760c16162c493e08346dbd14faacdf01f3ed9403d2e30e1860"
sha512 = "f2278157ca3e963c6ccb4232b135fcfab30647f404dd6de433acac0811cd19490a0fec1a805d285ead297d5ee01b72181ca0157798e87f37ed3fa5ee42ed1bb2"
deps = ["io"]
