[auth]
url = "https://github.com/wasmcp/wasmcp/releases/download/auth-v0.1.0/wasmcp-auth-0.1.0-source.tar.gz"
sha256 = "f701db0f1a4aee735d95e81a6c97f2b9b14679e504cf7cf95dca78b8b4bf8ae3"
sha512 = "4c3b1d899d48f6f5714b49e7ace944f3b38853e096d0b95e649bc367f18c11b10c36e009098607790fa4ee897d36f645a768d5e02167603204f0b6a31151d034"

[io]
sha256 = "9f1ad5da70f621bbd4c69e3bd90250a0c12ecfde266aa8f99684fc44bc1e7c15"
sha512 = "6d0a9db6848f24762933d1c168a5b5b1065ba838c253ee20454afeb8dd1a049b918d25deff556083d68095dd3126ae131ac3e738774320eee5d918f5a4b5354e"

[keyvalue]
sha256 = "6aca6ad2b990896e38dbbab7059a08ce922a8814957c69d31300d52b142a6f1a"
sha512 = "b681313c99748c01d4eab63c342930e2f1321978863a2af587f46ffdc9d83d517e75713d821445317baa9567a690b5de136fda07e09370c112880b7ff52ef634"

[mcp-v20250618]
url = "https://github.com/wasmcp/wasmcp/releases/download/mcp-v2025-06-18-v0.1.7/wasmcp-mcp-v2025-06-18-0.1.7-source.tar.gz"
sha256 = "e007d8f6281f7e9021a702f4d94ebe871a62c6d45fbda6ae250b54b83b386348"
sha512 = "8e358d2e3d80177d30edf5faa753f31829040ad711e48007b0499eeffc3bb3204afe782512c2229f34ccbd576376c2b683a0cd35cf3da517f89c2678fe6b737c"
deps = ["io", "keyvalue"]
