# This file is automatically generated.
# It is not intended for manual editing.
version = 1

[[packages]]
name = "wasmcp:mcp"
registry = "ghcr.io"

[[packages.versions]]
requirement = "=0.3.1-alpha.3"
version = "0.3.1-alpha.3"
digest = "sha256:c932daff586b216179cb6044b80f70fdf0c1badb9ac2d84fe761954bf1dd257c"
