# This file is automatically generated.
# It is not intended for manual editing.
version = 1

[[packages]]
name = "wasmcp:mcp"
registry = "ghcr.io"

[[packages.versions]]
requirement = "=0.3.1-alpha.4"
version = "0.3.1-alpha.4"
digest = "sha256:13ad969e7ca46bdea19e48796a3a052bc1b9b2edb692728ff9975c381a3c96cf"
