# This file is automatically generated.
# It is not intended for manual editing.
version = 1

[[packages]]
name = "wasmcp:server"
registry = "ghcr.io"

[[packages.versions]]
requirement = "=0.1.0-beta.2"
version = "0.1.0-beta.2"
digest = "sha256:4666ab12fa9f970debc7d6426549d56e64a537ec51e5e564b207aa2dafd44783"
