# This file is automatically generated.
# It is not intended for manual editing.
version = 1

[[packages]]
name = "fastertools:mcp"
registry = "ghcr.io"

[[packages.versions]]
requirement = "=0.1.12"
version = "0.1.12"
digest = "sha256:462b3de9180b0232817271dfc51a435ba781c91b740797f9b0d683860e271eed"
