# This file is automatically generated.
# It is not intended for manual editing.
version = 1

[[packages]]
name = "wasi:otel-sdk"
registry = "ghcr.io"

[[packages.versions]]
requirement = "=0.1.0-alpha.2"
version = "0.1.0-alpha.2"
digest = "sha256:f4ffd78a5afa4a143d675c306f8117e2772fcd5044e8c9f7b038a9024f062c8d"
