[io]
url = "https://github.com/WebAssembly/wasi-io/archive/refs/tags/v0.2.8.tar.gz"
sha256 = "9f1ad5da70f621bbd4c69e3bd90250a0c12ecfde266aa8f99684fc44bc1e7c15"
sha512 = "6d0a9db6848f24762933d1c168a5b5b1065ba838c253ee20454afeb8dd1a049b918d25deff556083d68095dd3126ae131ac3e738774320eee5d918f5a4b5354e"

[mcp-v20250618]
path = "../../../spec/2025-06-18/wit"
sha256 = "314df5306393f7d9a92d78de728dd2d90c9f7b398d0ef0e3e596e0e130676cb0"
sha512 = "e49afa67f05f2f105a38dacb3d4d9566a9663e61c56add131bd366e302133d4ba298baf93596fe7d85b1e5c5508048620fdea8e82b270f336b51c62771ee5572"
