# This file is automatically generated.
# It is not intended for manual editing.
version = 1

[[packages]]
name = "wasmcp:mcp"
registry = "ghcr.io"

[[packages.versions]]
requirement = "=0.3.1-alpha.33"
version = "0.3.1-alpha.33"
digest = "sha256:f505ac42e45cd5ad153ce54db9deac36c90eadc0051e441767fcea512bcbb1ab"
