# This file is automatically generated.
# It is not intended for manual editing.
version = 1

[[packages]]
name = "wasmcp:mcp"
registry = "ghcr.io"

[[packages.versions]]
requirement = "=0.3.1-alpha.24"
version = "0.3.1-alpha.24"
digest = "sha256:e4566b84b3b269633c2ccc86373620d92cdddffe14d54f23f84b8c204f10c8c7"
