# This file is automatically generated.
# It is not intended for manual editing.
version = 1

[[packages]]
name = "fastertools:mcp"
registry = "ghcr.io"

[[packages.versions]]
requirement = "=0.1.10"
version = "0.1.10"
digest = "sha256:4f74d9bf8a5642a5f8bf5be71080b0b18d9c3b1a0e4172d9a41d055e513c8a41"

[[packages]]
name = "wasi:http"
registry = "wasi.dev"

[[packages.versions]]
requirement = "=0.2.3"
version = "0.2.3"
digest = "sha256:e526c1586efc94cd148e33725139be05c4bb58ba20466d348282bd8dc3999f1d"
