[io]
url = "https://github.com/WebAssembly/wasi-io/archive/refs/tags/v0.2.8.tar.gz"
sha256 = "9f1ad5da70f621bbd4c69e3bd90250a0c12ecfde266aa8f99684fc44bc1e7c15"
sha512 = "6d0a9db6848f24762933d1c168a5b5b1065ba838c253ee20454afeb8dd1a049b918d25deff556083d68095dd3126ae131ac3e738774320eee5d918f5a4b5354e"

[keyvalue]
path = "../../../wit/keyvalue"
sha256 = "4635d984ca9f96152a8c71607c80e532157ec6339e2d5d183c150f594d701159"
sha512 = "184dd6b65ac3ccf48fcc2f25ff01c8a3886abc342cf46ba4d8fa905b1ae9ba5aacd9b110039ced78e41075cbec9313648fdcb8e562b9c80fa5b88ebb1a7db628"

[wasi-keyvalue]
path = "../../../crates/wit"
sha256 = "698a977fb44d242576e6795d061407e96a5e6066f333d96c8b0c09d6693183e7"
sha512 = "59420101ac4d551213b160ae0d4068eaa34e37ab8e8da73c5cd2aa591079d5929cf2be04e2a3e38462b073233552ea78635d687b2a5bbb35ef70bb356ecb6066"
