[io]
sha256 = "1cccbfe4122686ea57a25cd368e8cdfc408cbcad089f47fb6685b6f92e96f050"
sha512 = "7a95f964c13da52611141acd89bc8876226497f128e99dd176a4270c5b5efbd8cc847b5fbd1a91258d028c646db99e0424d72590cf1caf20f9f3a3343fad5017"

[protocol]
path = "../protocol"
sha256 = "5f6fbe0a4cdc3b760c16162c493e08346dbd14faacdf01f3ed9403d2e30e1860"
sha512 = "f2278157ca3e963c6ccb4232b135fcfab30647f404dd6de433acac0811cd19490a0fec1a805d285ead297d5ee01b72181ca0157798e87f37ed3fa5ee42ed1bb2"
deps = ["io"]
