# This file is automatically generated.
# It is not intended for manual editing.
version = 1

[[packages]]
name = "wasmcp:mcp"
registry = "ghcr.io"

[[packages.versions]]
requirement = "=0.3.1-alpha.13"
version = "0.3.1-alpha.13"
digest = "sha256:7db510dd06eb93303c975cfae2d5ed980743a9050e8c7c74d8eef651bf320d29"
