[io]
url = "https://github.com/WebAssembly/wasi-io/archive/refs/tags/v0.2.3.tar.gz"
sha256 = "1cccbfe4122686ea57a25cd368e8cdfc408cbcad089f47fb6685b6f92e96f050"
sha512 = "7a95f964c13da52611141acd89bc8876226497f128e99dd176a4270c5b5efbd8cc847b5fbd1a91258d028c646db99e0424d72590cf1caf20f9f3a3343fad5017"

[mcp-v20250618]
path = "../../../spec/2025-06-18/wit"
sha256 = "ee335085623fe22c2aa4d734f3921bcb9f0d107b317d0470ccb810f585218f4b"
sha512 = "c8865f2596b35b473f47f96a9b42a9da2431e0e28e03b67b6c0ef15263dbd2627bcf9e319f9d4d5dfcc6da9bbf6b0060b98c36921c8ae820ce881a8baee027bd"
