[io]
url = "https://github.com/WebAssembly/wasi-io/archive/refs/tags/v0.2.8.tar.gz"
sha256 = "9f1ad5da70f621bbd4c69e3bd90250a0c12ecfde266aa8f99684fc44bc1e7c15"
sha512 = "6d0a9db6848f24762933d1c168a5b5b1065ba838c253ee20454afeb8dd1a049b918d25deff556083d68095dd3126ae131ac3e738774320eee5d918f5a4b5354e"

[mcp-v20250618]
path = "../../../spec/2025-06-18/wit"
sha256 = "e51c1f7ce549be7bcea21994ab657e44e8da82942d52a5347f4952678555da73"
sha512 = "1d1b09bba7c17d3ea4f2f76e574c3b52ef04071e3a1cb843515c2691d53c70d82865886e671d62b3eafe7ca3b8b9ddbd9b055144ef35ceaff78507e1b6e5bf17"
deps = ["oauth"]

[oauth]
sha256 = "e1b1c7d8b6112923d4b82707f3ba1e8ff9612a95413261ca74980b72f1fbdf35"
sha512 = "e7b4de45bf581680a72ea153ab03160c2b9d9294568ad593f6e7c0c18099138b0c77c3b2f42c632e80fb90b3b01f43f732d0ad603e2de1c9557657c03dcf6e3a"
