# This file is automatically generated.
# It is not intended for manual editing.
version = 1

[[packages]]
name = "wasmcp:mcp"
registry = "ghcr.io"

[[packages.versions]]
requirement = "=0.3.1-alpha.11"
version = "0.3.1-alpha.11"
digest = "sha256:f92a50441836b21cfe935704628bc2032cd741f99af8a536e0ed9cb0383c87d1"
