# This file is automatically generated.
# It is not intended for manual editing.
version = 1

[[packages]]
name = "wasmcp:mcp"
registry = "ghcr.io"

[[packages.versions]]
requirement = "=0.3.1-alpha.12"
version = "0.3.1-alpha.12"
digest = "sha256:7bcc29af5a8f0bb409a9df37b447400ad8920f6eb9adbd5354ef9b5a358098a4"
