# This file is automatically generated.
# It is not intended for manual editing.
version = 1

[[packages]]
name = "wasmcp:mcp"
registry = "ghcr.io"

[[packages.versions]]
requirement = "=0.3.1-alpha.17"
version = "0.3.1-alpha.17"
digest = "sha256:3be4829199722ab7ef3e69ce253eadad673f300d6e0c03b4bb0eb77672839671"
