# This file is automatically generated.
# It is not intended for manual editing.
version = 1

[[packages]]
name = "wasmcp:mcp"
registry = "ghcr.io"

[[packages.versions]]
requirement = "=0.3.1-alpha.6"
version = "0.3.1-alpha.6"
digest = "sha256:34197d95c751720e1f78c0d820fba6d75f9329a0d078fed70f3e9d71456940ea"
