# This file is automatically generated.
# It is not intended for manual editing.
version = 1

[[packages]]
name = "wasmcp:mcp"
registry = "ghcr.io"

[[packages.versions]]
requirement = "=0.3.1-alpha.14"
version = "0.3.1-alpha.14"
digest = "sha256:26ab5a16738cf51c4df03073c701b3c4dba9958f8dae8b583efeb1336b885d66"
