# This file is automatically generated.
# It is not intended for manual editing.
version = 1

[[packages]]
name = "wasmcp:mcp"
registry = "ghcr.io"

[[packages.versions]]
requirement = "=0.3.1-alpha.1"
version = "0.3.1-alpha.1"
digest = "sha256:40f236f5f0c4b15b34559b21addb7a28b84f78954fc77bdea0e638e2878addd2"
