[io]
sha256 = "1cccbfe4122686ea57a25cd368e8cdfc408cbcad089f47fb6685b6f92e96f050"
sha512 = "7a95f964c13da52611141acd89bc8876226497f128e99dd176a4270c5b5efbd8cc847b5fbd1a91258d028c646db99e0424d72590cf1caf20f9f3a3343fad5017"

[keyvalue]
sha256 = "d2de617fe31ec0abc6072f75f97dd22bf95b3231d5b3111471d73871df9081cd"
sha512 = "6f0b4e44c684d760c54552e2bde9bc976e0a4f6525fc1d47acb98625e030847276436242f42a41f4da1bb9169fb2968c53d659d61af9b2f709f4eb6f9880e2c7"

[protocol]
path = "../../../wit/protocol"
sha256 = "442ddde05a72317b91d39e4792cb98d1c7f1bbdfcb83add8a88b80ac6853f2a8"
sha512 = "86bcc5ed6509cc3308f4f4dbe6f081ec64b5903f9e8843f9340febd7f315555fc670ad4fdbe8d05e232644c1b69285055b42dc1a1d8d4a9e0d0578b5079851ae"
deps = ["io"]

[server]
path = "../../../wit/server"
sha256 = "3222118f46560af27d36165654db47b6bda0facf33ec98496c00afe1daa73237"
sha512 = "cefade1a2d37fb51bb6660926a773e028fab9be168c3369b79eb16a132faee85cbb89ae503ce70cc20566f57a01e4f22b46286acade1fa8d6eeb9919c1ae6a9d"
deps = ["io", "keyvalue"]
