[io]
sha256 = "9f1ad5da70f621bbd4c69e3bd90250a0c12ecfde266aa8f99684fc44bc1e7c15"
sha512 = "6d0a9db6848f24762933d1c168a5b5b1065ba838c253ee20454afeb8dd1a049b918d25deff556083d68095dd3126ae131ac3e738774320eee5d918f5a4b5354e"

[keyvalue]
sha256 = "4635d984ca9f96152a8c71607c80e532157ec6339e2d5d183c150f594d701159"
sha512 = "184dd6b65ac3ccf48fcc2f25ff01c8a3886abc342cf46ba4d8fa905b1ae9ba5aacd9b110039ced78e41075cbec9313648fdcb8e562b9c80fa5b88ebb1a7db628"

[mcp-v20250618]
path = "../../../spec/2025-06-18/wit"
sha256 = "e82d9d948a60ff25085b888c572e12ad8801f54cc4ad8cb18ae72fd90bbf98ba"
sha512 = "d6f45b37747c11ffdf3c40aadea62b75bb5ac6eeaec69b98bc8c6ce7c3110452483a89f724d6f1b13b33faf31824bf142fcf1cca557085a5a84e916ca0160c9f"
deps = ["io", "keyvalue"]

[oauth]
path = "../../../spec/oauth/wit"
sha256 = "2570b481ea1735dcd96753c98a84f50185a728cad62200a73fdd32974796cc6d"
sha512 = "7362617c15846742a5a7d41c297082cd44239ca31a2d9f2abd45a1a1aa6583c68d51ad74f33b11de49d1a6b1399d591fb73b86804ad14dd4848a224f78874ed6"
