[auth]
url = "https://github.com/wasmcp/wasmcp/releases/download/auth-v0.1.0/wasmcp-auth-0.1.0-source.tar.gz"
sha256 = "f701db0f1a4aee735d95e81a6c97f2b9b14679e504cf7cf95dca78b8b4bf8ae3"
sha512 = "4c3b1d899d48f6f5714b49e7ace944f3b38853e096d0b95e649bc367f18c11b10c36e009098607790fa4ee897d36f645a768d5e02167603204f0b6a31151d034"

[io]
sha256 = "9f1ad5da70f621bbd4c69e3bd90250a0c12ecfde266aa8f99684fc44bc1e7c15"
sha512 = "6d0a9db6848f24762933d1c168a5b5b1065ba838c253ee20454afeb8dd1a049b918d25deff556083d68095dd3126ae131ac3e738774320eee5d918f5a4b5354e"

[keyvalue]
sha256 = "6aca6ad2b990896e38dbbab7059a08ce922a8814957c69d31300d52b142a6f1a"
sha512 = "b681313c99748c01d4eab63c342930e2f1321978863a2af587f46ffdc9d83d517e75713d821445317baa9567a690b5de136fda07e09370c112880b7ff52ef634"

[mcp-v20250618]
url = "https://github.com/wasmcp/wasmcp/releases/download/mcp-v2025-06-18-v0.1.8/wasmcp-mcp-v2025-06-18-0.1.8-source.tar.gz"
sha256 = "d781216370a17fc1a46be4fbf873f681d560cce0c6d3ff7ced2b10bb59338b93"
sha512 = "84f7704148c4e74d4ed2675425662eb259202205cd22bf2413eff79d05ed626120f7d1a2f0f8cd8aa0810f2261280a0f93d972731e803293af43581fa3909a76"
deps = ["io", "keyvalue"]
