[io]
url = "https://github.com/WebAssembly/wasi-io/archive/refs/tags/v0.2.3.tar.gz"
sha256 = "1cccbfe4122686ea57a25cd368e8cdfc408cbcad089f47fb6685b6f92e96f050"
sha512 = "7a95f964c13da52611141acd89bc8876226497f128e99dd176a4270c5b5efbd8cc847b5fbd1a91258d028c646db99e0424d72590cf1caf20f9f3a3343fad5017"

[mcp-v20250618]
path = "../../../spec/2025-06-18/wit"
sha256 = "fc8caff5afab2317f2162796b589420a0d890048ab5734b4c84c01ac0d93f5fe"
sha512 = "928a36832c69e2edfe375a24dea9b034235375319e9ab35293ec7220bcb58f1ceaa26c41ebd390ebc702232eefa8eea91793ec4ef6c65ca5442728b141731ae8"
