# This file is automatically generated.
# It is not intended for manual editing.
version = 1

[[packages]]
name = "wasi:http"
registry = "wasi.dev"

[[packages.versions]]
requirement = "=0.2.0"
version = "0.2.0"
digest = "sha256:5a568e6e2d60c1ce51220e1833cdd5b88db9f615720edc762a9b4a6f36b383bd"

[[packages]]
name = "wasi:otel-sdk"
registry = "ghcr.io"

[[packages.versions]]
requirement = "=0.1.0-alpha.2"
version = "0.1.0-alpha.2"
digest = "sha256:f4ffd78a5afa4a143d675c306f8117e2772fcd5044e8c9f7b038a9024f062c8d"
