# This file is automatically generated by cargo-component.
# It is not intended for manual editing.
version = 1

[[package]]
name = "wasmcp:mcp"

[[package.version]]
requirement = "^0.3.0-alpha.24"
version = "0.3.0-alpha.24"
digest = "sha256:747072ab0bbec0e8d279641bbbe1b68dc52528be423ba681bf7074a37e0b8baa"
