[io]
url = "https://github.com/WebAssembly/wasi-io/archive/refs/tags/v0.2.3.tar.gz"
sha256 = "1cccbfe4122686ea57a25cd368e8cdfc408cbcad089f47fb6685b6f92e96f050"
sha512 = "7a95f964c13da52611141acd89bc8876226497f128e99dd176a4270c5b5efbd8cc847b5fbd1a91258d028c646db99e0424d72590cf1caf20f9f3a3343fad5017"

[mcp-v20250618]
path = "../../../spec/2025-06-18/wit"
sha256 = "4bfd0c02b86e59bc7cb13fa0a082910305f416ee36eb414130162e7bb3daa338"
sha512 = "364ed54491aad30486583a7a86c6f1b93e3d8a390d1ea6ea1239d1b4d903a155c5c9c0b6f7bea6cbfb6462d07d36e7f7a7ef96ddad3fc10b7ca5c90827af2224"
